
Microsoft Visual Studio Solution File, Format Version 12.00
# Visual Studio Version 16
VisualStudioVersion = 16.0.29411.108
MinimumVisualStudioVersion = 10.0.40219.1
Project("{9A19103F-16F7-4668-BE54-9A1E7A4F7556}") = "API", "API\API.csproj", "{4E071054-E57B-41A5-9AB4-6F935200EDF6}"
EndProject
Project("{9A19103F-16F7-4668-BE54-9A1E7A4F7556}") = "Abstractions", "Abstractions\Abstractions.csproj", "{B5489884-40E5-4E63-B6D5-B3DC64414D6A}"
EndProject
Project("{9A19103F-16F7-4668-BE54-9A1E7A4F7556}") = "SQLServer", "SQLServer\SQLServer.csproj", "{AD7D3C8F-6927-44A7-A780-66CE2BB8E51A}"
EndProject
Global
	GlobalSection(SolutionConfigurationPlatforms) = preSolution
		Debug|Any CPU = Debug|Any CPU
		Release|Any CPU = Release|Any CPU
	EndGlobalSection
	GlobalSection(ProjectConfigurationPlatforms) = postSolution
		{4E071054-E57B-41A5-9AB4-6F935200EDF6}.Debug|Any CPU.ActiveCfg = Debug|Any CPU
		{4E071054-E57B-41A5-9AB4-6F935200EDF6}.Debug|Any CPU.Build.0 = Debug|Any CPU
		{4E071054-E57B-41A5-9AB4-6F935200EDF6}.Release|Any CPU.ActiveCfg = Release|Any CPU
		{4E071054-E57B-41A5-9AB4-6F935200EDF6}.Release|Any CPU.Build.0 = Release|Any CPU
		{B5489884-40E5-4E63-B6D5-B3DC64414D6A}.Debug|Any CPU.ActiveCfg = Debug|Any CPU
		{B5489884-40E5-4E63-B6D5-B3DC64414D6A}.Debug|Any CPU.Build.0 = Debug|Any CPU
		{B5489884-40E5-4E63-B6D5-B3DC64414D6A}.Release|Any CPU.ActiveCfg = Release|Any CPU
		{B5489884-40E5-4E63-B6D5-B3DC64414D6A}.Release|Any CPU.Build.0 = Release|Any CPU
		{AD7D3C8F-6927-44A7-A780-66CE2BB8E51A}.Debug|Any CPU.ActiveCfg = Debug|Any CPU
		{AD7D3C8F-6927-44A7-A780-66CE2BB8E51A}.Debug|Any CPU.Build.0 = Debug|Any CPU
		{AD7D3C8F-6927-44A7-A780-66CE2BB8E51A}.Release|Any CPU.ActiveCfg = Release|Any CPU
		{AD7D3C8F-6927-44A7-A780-66CE2BB8E51A}.Release|Any CPU.Build.0 = Release|Any CPU
	EndGlobalSection
	GlobalSection(SolutionProperties) = preSolution
		HideSolutionNode = FALSE
	EndGlobalSection
	GlobalSection(ExtensibilityGlobals) = postSolution
		SolutionGuid = {6C4370F6-9817-4226-A26E-DAD0EC0B69EF}
	EndGlobalSection
EndGlobal
